// !$*UTF8*$!
{
	archiveVersion = 1;
	classes = {
	};
	objectVersion = 46;
	objects = {

/* Begin PBXBuildFile section */
		64307C681D1DC952004280F8 /* INSPersistentContainer.swift in Sources */ = {isa = PBXBuildFile; fileRef = 64307C671D1DC952004280F8 /* INSPersistentContainer.swift */; };
		64307C6A1D1DCA11004280F8 /* INSPersistentStoreDescription.swift in Sources */ = {isa = PBXBuildFile; fileRef = 64307C691D1DCA11004280F8 /* INSPersistentStoreDescription.swift */; };
		64594E0C1D69E9B000B05171 /* Entity+CoreDataClass.swift in Sources */ = {isa = PBXBuildFile; fileRef = 64594E0A1D69E9B000B05171 /* Entity+CoreDataClass.swift */; };
		64594E0D1D69E9B000B05171 /* Entity+CoreDataProperties.swift in Sources */ = {isa = PBXBuildFile; fileRef = 64594E0B1D69E9B000B05171 /* Entity+CoreDataProperties.swift */; };
		6468908F1D16FF47002FFD30 /* AppDelegate.swift in Sources */ = {isa = PBXBuildFile; fileRef = 6468908E1D16FF47002FFD30 /* AppDelegate.swift */; };
		646890911D16FF47002FFD30 /* ViewController.swift in Sources */ = {isa = PBXBuildFile; fileRef = 646890901D16FF47002FFD30 /* ViewController.swift */; };
		646890941D16FF47002FFD30 /* Main.storyboard in Resources */ = {isa = PBXBuildFile; fileRef = 646890921D16FF47002FFD30 /* Main.storyboard */; };
		646890961D16FF47002FFD30 /* Assets.xcassets in Resources */ = {isa = PBXBuildFile; fileRef = 646890951D16FF47002FFD30 /* Assets.xcassets */; };
		646890991D16FF47002FFD30 /* LaunchScreen.storyboard in Resources */ = {isa = PBXBuildFile; fileRef = 646890971D16FF47002FFD30 /* LaunchScreen.storyboard */; };
		646890D91D1703CB002FFD30 /* INSPersistentContainer.xcdatamodeld in Sources */ = {isa = PBXBuildFile; fileRef = 646890D71D1703CB002FFD30 /* INSPersistentContainer.xcdatamodeld */; };
		649534CA1D1DD6EB00FE637D /* NSManagedObjectContext+iOS10Additions.swift in Sources */ = {isa = PBXBuildFile; fileRef = 649534C91D1DD6EB00FE637D /* NSManagedObjectContext+iOS10Additions.swift */; };
		649534CC1D1DDF7F00FE637D /* INSDataStackContainer.swift in Sources */ = {isa = PBXBuildFile; fileRef = 649534CB1D1DDF7F00FE637D /* INSDataStackContainer.swift */; };
/* End PBXBuildFile section */

/* Begin PBXCopyFilesBuildPhase section */
		646890B11D16FF8F002FFD30 /* Embed Frameworks */ = {
			isa = PBXCopyFilesBuildPhase;
			buildActionMask = 2147483647;
			dstPath = "";
			dstSubfolderSpec = 10;
			files = (
			);
			name = "Embed Frameworks";
			runOnlyForDeploymentPostprocessing = 0;
		};
/* End PBXCopyFilesBuildPhase section */

/* Begin PBXFileReference section */
		64307C671D1DC952004280F8 /* INSPersistentContainer.swift */ = {isa = PBXFileReference; fileEncoding = 4; lastKnownFileType = sourcecode.swift; path = INSPersistentContainer.swift; sourceTree = "<group>"; };
		64307C691D1DCA11004280F8 /* INSPersistentStoreDescription.swift */ = {isa = PBXFileReference; fileEncoding = 4; lastKnownFileType = sourcecode.swift; path = INSPersistentStoreDescription.swift; sourceTree = "<group>"; };
		64594E0A1D69E9B000B05171 /* Entity+CoreDataClass.swift */ = {isa = PBXFileReference; fileEncoding = 4; lastKnownFileType = sourcecode.swift; path = "Entity+CoreDataClass.swift"; sourceTree = "<group>"; };
		64594E0B1D69E9B000B05171 /* Entity+CoreDataProperties.swift */ = {isa = PBXFileReference; fileEncoding = 4; lastKnownFileType = sourcecode.swift; path = "Entity+CoreDataProperties.swift"; sourceTree = "<group>"; };
		6468908B1D16FF46002FFD30 /* INSPersistentContainer-Swift2.app */ = {isa = PBXFileReference; explicitFileType = wrapper.application; includeInIndex = 0; path = "INSPersistentContainer-Swift2.app"; sourceTree = BUILT_PRODUCTS_DIR; };
		6468908E1D16FF47002FFD30 /* AppDelegate.swift */ = {isa = PBXFileReference; lastKnownFileType = sourcecode.swift; path = AppDelegate.swift; sourceTree = "<group>"; };
		646890901D16FF47002FFD30 /* ViewController.swift */ = {isa = PBXFileReference; lastKnownFileType = sourcecode.swift; path = ViewController.swift; sourceTree = "<group>"; };
		646890931D16FF47002FFD30 /* Base */ = {isa = PBXFileReference; lastKnownFileType = file.storyboard; name = Base; path = Base.lproj/Main.storyboard; sourceTree = "<group>"; };
		646890951D16FF47002FFD30 /* Assets.xcassets */ = {isa = PBXFileReference; lastKnownFileType = folder.assetcatalog; path = Assets.xcassets; sourceTree = "<group>"; };
		646890981D16FF47002FFD30 /* Base */ = {isa = PBXFileReference; lastKnownFileType = file.storyboard; name = Base; path = Base.lproj/LaunchScreen.storyboard; sourceTree = "<group>"; };
		6468909A1D16FF47002FFD30 /* Info.plist */ = {isa = PBXFileReference; lastKnownFileType = text.plist.xml; path = Info.plist; sourceTree = "<group>"; };
		646890D81D1703CB002FFD30 /* INSPersistentContainer.xcdatamodel */ = {isa = PBXFileReference; lastKnownFileType = wrapper.xcdatamodel; path = INSPersistentContainer.xcdatamodel; sourceTree = "<group>"; };
		649534C91D1DD6EB00FE637D /* NSManagedObjectContext+iOS10Additions.swift */ = {isa = PBXFileReference; fileEncoding = 4; lastKnownFileType = sourcecode.swift; path = "NSManagedObjectContext+iOS10Additions.swift"; sourceTree = "<group>"; };
		649534CB1D1DDF7F00FE637D /* INSDataStackContainer.swift */ = {isa = PBXFileReference; fileEncoding = 4; lastKnownFileType = sourcecode.swift; path = INSDataStackContainer.swift; sourceTree = "<group>"; };
/* End PBXFileReference section */

/* Begin PBXFrameworksBuildPhase section */
		646890881D16FF46002FFD30 /* Frameworks */ = {
			isa = PBXFrameworksBuildPhase;
			buildActionMask = 2147483647;
			files = (
			);
			runOnlyForDeploymentPostprocessing = 0;
		};
/* End PBXFrameworksBuildPhase section */

/* Begin PBXGroup section */
		64307C661D1DC941004280F8 /* Swift */ = {
			isa = PBXGroup;
			children = (
				64307C671D1DC952004280F8 /* INSPersistentContainer.swift */,
				64307C691D1DCA11004280F8 /* INSPersistentStoreDescription.swift */,
				649534C91D1DD6EB00FE637D /* NSManagedObjectContext+iOS10Additions.swift */,
				649534CB1D1DDF7F00FE637D /* INSDataStackContainer.swift */,
			);
			name = Swift;
			path = ../../Source/Swift;
			sourceTree = "<group>";
		};
		646890821D16FF46002FFD30 = {
			isa = PBXGroup;
			children = (
				6468908D1D16FF47002FFD30 /* INSPersistentContainer-Swift2 */,
				6468908C1D16FF46002FFD30 /* Products */,
			);
			sourceTree = "<group>";
		};
		6468908C1D16FF46002FFD30 /* Products */ = {
			isa = PBXGroup;
			children = (
				6468908B1D16FF46002FFD30 /* INSPersistentContainer-Swift2.app */,
			);
			name = Products;
			sourceTree = "<group>";
		};
		6468908D1D16FF47002FFD30 /* INSPersistentContainer-Swift2 */ = {
			isa = PBXGroup;
			children = (
				64307C661D1DC941004280F8 /* Swift */,
				646890D71D1703CB002FFD30 /* INSPersistentContainer.xcdatamodeld */,
				64594E0A1D69E9B000B05171 /* Entity+CoreDataClass.swift */,
				64594E0B1D69E9B000B05171 /* Entity+CoreDataProperties.swift */,
				6468908E1D16FF47002FFD30 /* AppDelegate.swift */,
				646890901D16FF47002FFD30 /* ViewController.swift */,
				646890921D16FF47002FFD30 /* Main.storyboard */,
				646890951D16FF47002FFD30 /* Assets.xcassets */,
				646890971D16FF47002FFD30 /* LaunchScreen.storyboard */,
				6468909A1D16FF47002FFD30 /* Info.plist */,
			);
			path = "INSPersistentContainer-Swift2";
			sourceTree = "<group>";
		};
/* End PBXGroup section */

/* Begin PBXNativeTarget section */
		6468908A1D16FF46002FFD30 /* INSPersistentContainer-Swift2 */ = {
			isa = PBXNativeTarget;
			buildConfigurationList = 6468909D1D16FF47002FFD30 /* Build configuration list for PBXNativeTarget "INSPersistentContainer-Swift2" */;
			buildPhases = (
				646890871D16FF46002FFD30 /* Sources */,
				646890881D16FF46002FFD30 /* Frameworks */,
				646890891D16FF46002FFD30 /* Resources */,
				646890B11D16FF8F002FFD30 /* Embed Frameworks */,
			);
			buildRules = (
			);
			dependencies = (
			);
			name = "INSPersistentContainer-Swift2";
			productName = "INSPersistentContainer-Swift2";
			productReference = 6468908B1D16FF46002FFD30 /* INSPersistentContainer-Swift2.app */;
			productType = "com.apple.product-type.application";
		};
/* End PBXNativeTarget section */

/* Begin PBXProject section */
		646890831D16FF46002FFD30 /* Project object */ = {
			isa = PBXProject;
			attributes = {
				LastSwiftUpdateCheck = 0730;
				LastUpgradeCheck = 0800;
				ORGANIZATIONNAME = "Michal Zaborowski";
				TargetAttributes = {
					6468908A1D16FF46002FFD30 = {
						CreatedOnToolsVersion = 7.3.1;
						LastSwiftMigration = 0800;
					};
				};
			};
			buildConfigurationList = 646890861D16FF46002FFD30 /* Build configuration list for PBXProject "INSPersistentContainer-Swift2" */;
			compatibilityVersion = "Xcode 3.2";
			developmentRegion = English;
			hasScannedForEncodings = 0;
			knownRegions = (
				en,
				Base,
			);
			mainGroup = 646890821D16FF46002FFD30;
			productRefGroup = 6468908C1D16FF46002FFD30 /* Products */;
			projectDirPath = "";
			projectRoot = "";
			targets = (
				6468908A1D16FF46002FFD30 /* INSPersistentContainer-Swift2 */,
			);
		};
/* End PBXProject section */

/* Begin PBXResourcesBuildPhase section */
		646890891D16FF46002FFD30 /* Resources */ = {
			isa = PBXResourcesBuildPhase;
			buildActionMask = 2147483647;
			files = (
				646890991D16FF47002FFD30 /* LaunchScreen.storyboard in Resources */,
				646890961D16FF47002FFD30 /* Assets.xcassets in Resources */,
				646890941D16FF47002FFD30 /* Main.storyboard in Resources */,
			);
			runOnlyForDeploymentPostprocessing = 0;
		};
/* End PBXResourcesBuildPhase section */

/* Begin PBXSourcesBuildPhase section */
		646890871D16FF46002FFD30 /* Sources */ = {
			isa = PBXSourcesBuildPhase;
			buildActionMask = 2147483647;
			files = (
				646890911D16FF47002FFD30 /* ViewController.swift in Sources */,
				64307C681D1DC952004280F8 /* INSPersistentContainer.swift in Sources */,
				646890D91D1703CB002FFD30 /* INSPersistentContainer.xcdatamodeld in Sources */,
				64594E0D1D69E9B000B05171 /* Entity+CoreDataProperties.swift in Sources */,
				649534CC1D1DDF7F00FE637D /* INSDataStackContainer.swift in Sources */,
				64307C6A1D1DCA11004280F8 /* INSPersistentStoreDescription.swift in Sources */,
				649534CA1D1DD6EB00FE637D /* NSManagedObjectContext+iOS10Additions.swift in Sources */,
				64594E0C1D69E9B000B05171 /* Entity+CoreDataClass.swift in Sources */,
				6468908F1D16FF47002FFD30 /* AppDelegate.swift in Sources */,
			);
			runOnlyForDeploymentPostprocessing = 0;
		};
/* End PBXSourcesBuildPhase section */

/* Begin PBXVariantGroup section */
		646890921D16FF47002FFD30 /* Main.storyboard */ = {
			isa = PBXVariantGroup;
			children = (
				646890931D16FF47002FFD30 /* Base */,
			);
			name = Main.storyboard;
			sourceTree = "<group>";
		};
		646890971D16FF47002FFD30 /* LaunchScreen.storyboard */ = {
			isa = PBXVariantGroup;
			children = (
				646890981D16FF47002FFD30 /* Base */,
			);
			name = LaunchScreen.storyboard;
			sourceTree = "<group>";
		};
/* End PBXVariantGroup section */

/* Begin XCBuildConfiguration section */
		6468909B1D16FF47002FFD30 /* Debug */ = {
			isa = XCBuildConfiguration;
			buildSettings = {
				ALWAYS_SEARCH_USER_PATHS = NO;
				CLANG_ANALYZER_NONNULL = YES;
				CLANG_CXX_LANGUAGE_STANDARD = "gnu++0x";
				CLANG_CXX_LIBRARY = "libc++";
				CLANG_ENABLE_MODULES = YES;
				CLANG_ENABLE_OBJC_ARC = YES;
				CLANG_WARN_BOOL_CONVERSION = YES;
				CLANG_WARN_CONSTANT_CONVERSION = YES;
				CLANG_WARN_DIRECT_OBJC_ISA_USAGE = YES_ERROR;
				CLANG_WARN_EMPTY_BODY = YES;
				CLANG_WARN_ENUM_CONVERSION = YES;
				CLANG_WARN_INFINITE_RECURSION = YES;
				CLANG_WARN_INT_CONVERSION = YES;
				CLANG_WARN_OBJC_ROOT_CLASS = YES_ERROR;
				CLANG_WARN_SUSPICIOUS_MOVE = YES;
				CLANG_WARN_UNREACHABLE_CODE = YES;
				CLANG_WARN__DUPLICATE_METHOD_MATCH = YES;
				"CODE_SIGN_IDENTITY[sdk=iphoneos*]" = "iPhone Developer";
				COPY_PHASE_STRIP = NO;
				DEBUG_INFORMATION_FORMAT = dwarf;
				ENABLE_STRICT_OBJC_MSGSEND = YES;
				ENABLE_TESTABILITY = YES;
				GCC_C_LANGUAGE_STANDARD = gnu99;
				GCC_DYNAMIC_NO_PIC = NO;
				GCC_NO_COMMON_BLOCKS = YES;
				GCC_OPTIMIZATION_LEVEL = 0;
				GCC_PREPROCESSOR_DEFINITIONS = (
					"DEBUG=1",
					"$(inherited)",
				);
				GCC_WARN_64_TO_32_BIT_CONVERSION = YES;
				GCC_WARN_ABOUT_RETURN_TYPE = YES_ERROR;
				GCC_WARN_UNDECLARED_SELECTOR = YES;
				GCC_WARN_UNINITIALIZED_AUTOS = YES_AGGRESSIVE;
				GCC_WARN_UNUSED_FUNCTION = YES;
				GCC_WARN_UNUSED_VARIABLE = YES;
				IPHONEOS_DEPLOYMENT_TARGET = 9.3;
				MTL_ENABLE_DEBUG_INFO = YES;
				ONLY_ACTIVE_ARCH = YES;
				SDKROOT = iphoneos;
				SWIFT_OPTIMIZATION_LEVEL = "-Onone";
			};
			name = Debug;
		};
		6468909C1D16FF47002FFD30 /* Release */ = {
			isa = XCBuildConfiguration;
			buildSettings = {
				ALWAYS_SEARCH_USER_PATHS = NO;
				CLANG_ANALYZER_NONNULL = YES;
				CLANG_CXX_LANGUAGE_STANDARD = "gnu++0x";
				CLANG_CXX_LIBRARY = "libc++";
				CLANG_ENABLE_MODULES = YES;
				CLANG_ENABLE_OBJC_ARC = YES;
				CLANG_WARN_BOOL_CONVERSION = YES;
				CLANG_WARN_CONSTANT_CONVERSION = YES;
				CLANG_WARN_DIRECT_OBJC_ISA_USAGE = YES_ERROR;
				CLANG_WARN_EMPTY_BODY = YES;
				CLANG_WARN_ENUM_CONVERSION = YES;
				CLANG_WARN_INFINITE_RECURSION = YES;
				CLANG_WARN_INT_CONVERSION = YES;
				CLANG_WARN_OBJC_ROOT_CLASS = YES_ERROR;
				CLANG_WARN_SUSPICIOUS_MOVE = YES;
				CLANG_WARN_UNREACHABLE_CODE = YES;
				CLANG_WARN__DUPLICATE_METHOD_MATCH = YES;
				"CODE_SIGN_IDENTITY[sdk=iphoneos*]" = "iPhone Developer";
				COPY_PHASE_STRIP = NO;
				DEBUG_INFORMATION_FORMAT = "dwarf-with-dsym";
				ENABLE_NS_ASSERTIONS = NO;
				ENABLE_STRICT_OBJC_MSGSEND = YES;
				GCC_C_LANGUAGE_STANDARD = gnu99;
				GCC_NO_COMMON_BLOCKS = YES;
				GCC_WARN_64_TO_32_BIT_CONVERSION = YES;
				GCC_WARN_ABOUT_RETURN_TYPE = YES_ERROR;
				GCC_WARN_UNDECLARED_SELECTOR = YES;
				GCC_WARN_UNINITIALIZED_AUTOS = YES_AGGRESSIVE;
				GCC_WARN_UNUSED_FUNCTION = YES;
				GCC_WARN_UNUSED_VARIABLE = YES;
				IPHONEOS_DEPLOYMENT_TARGET = 9.3;
				MTL_ENABLE_DEBUG_INFO = NO;
				SDKROOT = iphoneos;
				SWIFT_OPTIMIZATION_LEVEL = "-Owholemodule";
				VALIDATE_PRODUCT = YES;
			};
			name = Release;
		};
		6468909E1D16FF47002FFD30 /* Debug */ = {
			isa = XCBuildConfiguration;
			buildSettings = {
				ASSETCATALOG_COMPILER_APPICON_NAME = AppIcon;
				INFOPLIST_FILE = "INSPersistentContainer-Swift2/Info.plist";
				IPHONEOS_DEPLOYMENT_TARGET = 9.0;
				LD_RUNPATH_SEARCH_PATHS = "$(inherited) @executable_path/Frameworks";
				PRODUCT_BUNDLE_IDENTIFIER = "io.inspace.INSPersistentContainer-Swift2";
				PRODUCT_NAME = "$(TARGET_NAME)";
				SWIFT_VERSION = 3.0;
			};
			name = Debug;
		};
		6468909F1D16FF47002FFD30 /* Release */ = {
			isa = XCBuildConfiguration;
			buildSettings = {
				ASSETCATALOG_COMPILER_APPICON_NAME = AppIcon;
				INFOPLIST_FILE = "INSPersistentContainer-Swift2/Info.plist";
				IPHONEOS_DEPLOYMENT_TARGET = 9.0;
				LD_RUNPATH_SEARCH_PATHS = "$(inherited) @executable_path/Frameworks";
				PRODUCT_BUNDLE_IDENTIFIER = "io.inspace.INSPersistentContainer-Swift2";
				PRODUCT_NAME = "$(TARGET_NAME)";
				SWIFT_VERSION = 3.0;
			};
			name = Release;
		};
/* End XCBuildConfiguration section */

/* Begin XCConfigurationList section */
		646890861D16FF46002FFD30 /* Build configuration list for PBXProject "INSPersistentContainer-Swift2" */ = {
			isa = XCConfigurationList;
			buildConfigurations = (
				6468909B1D16FF47002FFD30 /* Debug */,
				6468909C1D16FF47002FFD30 /* Release */,
			);
			defaultConfigurationIsVisible = 0;
			defaultConfigurationName = Release;
		};
		6468909D1D16FF47002FFD30 /* Build configuration list for PBXNativeTarget "INSPersistentContainer-Swift2" */ = {
			isa = XCConfigurationList;
			buildConfigurations = (
				6468909E1D16FF47002FFD30 /* Debug */,
				6468909F1D16FF47002FFD30 /* Release */,
			);
			defaultConfigurationIsVisible = 0;
			defaultConfigurationName = Release;
		};
/* End XCConfigurationList section */

/* Begin XCVersionGroup section */
		646890D71D1703CB002FFD30 /* INSPersistentContainer.xcdatamodeld */ = {
			isa = XCVersionGroup;
			children = (
				646890D81D1703CB002FFD30 /* INSPersistentContainer.xcdatamodel */,
			);
			currentVersion = 646890D81D1703CB002FFD30 /* INSPersistentContainer.xcdatamodel */;
			path = INSPersistentContainer.xcdatamodeld;
			sourceTree = "<group>";
			versionGroupType = wrapper.xcdatamodel;
		};
/* End XCVersionGroup section */
	};
	rootObject = 646890831D16FF46002FFD30 /* Project object */;
}
